PODS:
  - Alamofire (4.7.3)
  - BKEventBus (1.0.8)
  - BKRedux (1.1.1):
    - RxCocoa (>= 4.2.0)
    - RxSwift (>= 4.2.0)
  - BKRouter (0.0.2)
  - Kingfisher (4.10.0)
  - Moya (11.0.2):
    - Moya/Core (= 11.0.2)
  - Moya/Core (11.0.2):
    - Alamofire (~> 4.1)
    - Result (~> 3.0)
  - ReactComponentKit (0.3.2):
    - BKEventBus (>= 1.0.7)
    - BKRedux (>= 1.0.0)
    - RxCocoa (>= 4.2.0)
    - RxSwift (>= 4.2.0)
  - Result (3.2.4)
  - RxAtomic (4.4.0)
  - RxCocoa (4.4.0):
    - RxSwift (~> 4.0)
  - RxSwift (4.4.0):
    - RxAtomic (~> 4.4)
  - SnapKit (4.2.0)
  - YYCache (1.0.4)
  - YYImage (1.0.4):
    - YYImage/Core (= 1.0.4)
  - YYImage/Core (1.0.4)
  - YYWebImage (1.0.5):
    - YYCache
    - YYImage

DEPENDENCIES:
  - BKRouter
  - Kingfisher
  - Moya
  - ReactComponentKit
  - SnapKit
  - YYWebImage

SPEC REPOS:
  https://github.com/cocoapods/specs.git:
    - Alamofire
    - BKEventBus
    - BKRedux
    - BKRouter
    - Kingfisher
    - Moya
    - ReactComponentKit
    - Result
    - RxAtomic
    - RxCocoa
    - RxSwift
    - SnapKit
    - YYCache
    - YYImage
    - YYWebImage

SPEC CHECKSUMS:
  Alamofire: c7287b6e5d7da964a70935e5db17046b7fde6568
  BKEventBus: b6ec629c0581c98a9c798f930aadd92b751a3f6b
  BKRedux: 7e0fe55d754e5ba80e37255bbe9bef996d61b569
  BKRouter: 952411bf065f7acc9470652a36a2cfab5f00247a
  Kingfisher: 43c4b802d8b5256cf1f4379e9cd10b329be6d3e2
  Moya: a725035953bc1c0eb1be505ab903984501d82440
  ReactComponentKit: 8c4c235340f18c3d665fb3450899ca2eba945e9a
  Result: d2d07204ce72856f1fd9130bbe42c35a7b0fea10
  RxAtomic: eacf60db868c96bfd63320e28619fe29c179656f
  RxCocoa: df63ebf7b9a70d6b4eeea407ed5dd4efc8979749
  RxSwift: 5976ecd04fc2fefd648827c23de5e11157faa973
  SnapKit: fe8a619752f3f27075cc9a90244d75c6c3f27e2a
  YYCache: 8105b6638f5e849296c71f331ff83891a4942952
  YYImage: 1e1b62a9997399593e4b9c4ecfbbabbf1d3f3b54
  YYWebImage: 5f7f36aee2ae293f016d418c7d6ba05c4863e928

PODFILE CHECKSUM: 0aa0e1b01d2aad4e1ba14e0bc5f3c2771bcd76a1

COCOAPODS: 1.6.0.beta.1
