PODS:
  - Alamofire (4.8.0)
  - BKEventBus (1.0.8)
  - BKRedux (1.2.1):
    - RxCocoa (>= 4.2.0)
    - RxSwift (>= 4.2.0)
  - BKRouter (0.0.2)
  - Kingfisher (5.0.1)
  - Moya (12.0.1):
    - Moya/Core (= 12.0.1)
  - Moya/Core (12.0.1):
    - Alamofire (~> 4.1)
    - Result (~> 4.0)
  - ReactComponentKit (0.3.4):
    - BKEventBus (>= 1.0.7)
    - BKRedux (>= 1.0.0)
    - RxCocoa (>= 4.2.0)
    - RxSwift (>= 4.2.0)
  - Result (4.0.0)
  - RxAtomic (4.4.0)
  - RxCocoa (4.4.0):
    - RxSwift (~> 4.0)
  - RxSwift (4.4.0):
    - RxAtomic (~> 4.4)
  - SnapKit (4.2.0)
  - YYCache (1.0.4)
  - YYImage (1.0.4):
    - YYImage/Core (= 1.0.4)
  - YYImage/Core (1.0.4)
  - YYWebImage (1.0.5):
    - YYCache
    - YYImage

DEPENDENCIES:
  - BKRouter
  - Kingfisher
  - Moya
  - ReactComponentKit
  - SnapKit
  - YYWebImage

SPEC REPOS:
  https://github.com/cocoapods/specs.git:
    - Alamofire
    - BKEventBus
    - BKRedux
    - BKRouter
    - Kingfisher
    - Moya
    - ReactComponentKit
    - Result
    - RxAtomic
    - RxCocoa
    - RxSwift
    - SnapKit
    - YYCache
    - YYImage
    - YYWebImage

SPEC CHECKSUMS:
  Alamofire: 3ec537f71edc9804815215393ae2b1a8ea33a844
  BKEventBus: b6ec629c0581c98a9c798f930aadd92b751a3f6b
  BKRedux: 98566aa52ccc971ff3f406ac996689d36aebc083
  BKRouter: 952411bf065f7acc9470652a36a2cfab5f00247a
  Kingfisher: 4f771421b9208185217550528a06fd48756cb7c2
  Moya: cf730b3cd9e005401ef37a85143aa141a12fd38f
  ReactComponentKit: 66cfcf5ee82332b1715cc96ecfb6addb0ab21cc9
  Result: 7645bb3f50c2ce726dd0ff2fa7b6f42bbe6c3713
  RxAtomic: eacf60db868c96bfd63320e28619fe29c179656f
  RxCocoa: df63ebf7b9a70d6b4eeea407ed5dd4efc8979749
  RxSwift: 5976ecd04fc2fefd648827c23de5e11157faa973
  SnapKit: fe8a619752f3f27075cc9a90244d75c6c3f27e2a
  YYCache: 8105b6638f5e849296c71f331ff83891a4942952
  YYImage: 1e1b62a9997399593e4b9c4ecfbbabbf1d3f3b54
  YYWebImage: 5f7f36aee2ae293f016d418c7d6ba05c4863e928

PODFILE CHECKSUM: 0aa0e1b01d2aad4e1ba14e0bc5f3c2771bcd76a1

COCOAPODS: 1.6.0.beta.1
